
Microsoft Visual Studio Solution File, Format Version 12.00
# Visual Studio Version 17
VisualStudioVersion = 17.7.34031.279
MinimumVisualStudioVersion = 10.0.40219.1
Project("{8BC9CEB8-8B4A-11D0-8D11-00A0C91BC942}") = "PR5.0", "PR5.0\PR5.0.vcxproj", "{D1FDECD3-26E3-4FF8-8AF5-D063154F0F99}"
EndProject
Project("{8BC9CEB8-8B4A-11D0-8D11-00A0C91BC942}") = "UnitTest2", "UnitTest2\UnitTest2.vcxproj", "{AFE79107-C9A6-4EDB-B199-3344FABAD8B2}"
EndProject
Global
	GlobalSection(SolutionConfigurationPlatforms) = preSolution
		Debug|x64 = Debug|x64
		Debug|x86 = Debug|x86
		Release|x64 = Release|x64
		Release|x86 = Release|x86
	EndGlobalSection
	GlobalSection(ProjectConfigurationPlatforms) = postSolution
		{D1FDECD3-26E3-4FF8-8AF5-D063154F0F99}.Debug|x64.ActiveCfg = Debug|x64
		{D1FDECD3-26E3-4FF8-8AF5-D063154F0F99}.Debug|x64.Build.0 = Debug|x64
		{D1FDECD3-26E3-4FF8-8AF5-D063154F0F99}.Debug|x86.ActiveCfg = Debug|Win32
		{D1FDECD3-26E3-4FF8-8AF5-D063154F0F99}.Debug|x86.Build.0 = Debug|Win32
		{D1FDECD3-26E3-4FF8-8AF5-D063154F0F99}.Release|x64.ActiveCfg = Release|x64
		{D1FDECD3-26E3-4FF8-8AF5-D063154F0F99}.Release|x64.Build.0 = Release|x64
		{D1FDECD3-26E3-4FF8-8AF5-D063154F0F99}.Release|x86.ActiveCfg = Release|Win32
		{D1FDECD3-26E3-4FF8-8AF5-D063154F0F99}.Release|x86.Build.0 = Release|Win32
		{AFE79107-C9A6-4EDB-B199-3344FABAD8B2}.Debug|x64.ActiveCfg = Debug|x64
		{AFE79107-C9A6-4EDB-B199-3344FABAD8B2}.Debug|x64.Build.0 = Debug|x64
		{AFE79107-C9A6-4EDB-B199-3344FABAD8B2}.Debug|x86.ActiveCfg = Debug|Win32
		{AFE79107-C9A6-4EDB-B199-3344FABAD8B2}.Debug|x86.Build.0 = Debug|Win32
		{AFE79107-C9A6-4EDB-B199-3344FABAD8B2}.Release|x64.ActiveCfg = Release|x64
		{AFE79107-C9A6-4EDB-B199-3344FABAD8B2}.Release|x64.Build.0 = Release|x64
		{AFE79107-C9A6-4EDB-B199-3344FABAD8B2}.Release|x86.ActiveCfg = Release|Win32
		{AFE79107-C9A6-4EDB-B199-3344FABAD8B2}.Release|x86.Build.0 = Release|Win32
	EndGlobalSection
	GlobalSection(SolutionProperties) = preSolution
		HideSolutionNode = FALSE
	EndGlobalSection
	GlobalSection(ExtensibilityGlobals) = postSolution
		SolutionGuid = {CE2B7ABE-307A-4EE8-81F4-E268A329B27D}
	EndGlobalSection
EndGlobal
